
Microsoft Visual Studio Solution File, Format Version 12.00
# Visual Studio 15
Project("{FAE04EC0-301F-11D3-BF4B-00C04F79EFBC}") = "VuforiaScripts", "VuforiaScripts.csproj", "{65CE550F-F4CF-13F4-0CE8-130065492AD7}"
EndProject
Project("{FAE04EC0-301F-11D3-BF4B-00C04F79EFBC}") = "VuforiaEditorScripts", "VuforiaEditorScripts.csproj", "{CA9C74A7-804C-F48E-2A8F-CC910BD12B06}"
EndProject
Global
	GlobalSection(SolutionConfigurationPlatforms) = preSolution
		Debug|Any CPU = Debug|Any CPU
		Release|Any CPU = Release|Any CPU
	EndGlobalSection
	GlobalSection(ProjectConfigurationPlatforms) = postSolution
		{65CE550F-F4CF-13F4-0CE8-130065492AD7}.Debug|Any CPU.ActiveCfg = Debug|Any CPU
		{65CE550F-F4CF-13F4-0CE8-130065492AD7}.Debug|Any CPU.Build.0 = Debug|Any CPU
		{65CE550F-F4CF-13F4-0CE8-130065492AD7}.Release|Any CPU.ActiveCfg = Release|Any CPU
		{65CE550F-F4CF-13F4-0CE8-130065492AD7}.Release|Any CPU.Build.0 = Release|Any CPU
		{CA9C74A7-804C-F48E-2A8F-CC910BD12B06}.Debug|Any CPU.ActiveCfg = Debug|Any CPU
		{CA9C74A7-804C-F48E-2A8F-CC910BD12B06}.Debug|Any CPU.Build.0 = Debug|Any CPU
		{CA9C74A7-804C-F48E-2A8F-CC910BD12B06}.Release|Any CPU.ActiveCfg = Release|Any CPU
		{CA9C74A7-804C-F48E-2A8F-CC910BD12B06}.Release|Any CPU.Build.0 = Release|Any CPU
	EndGlobalSection
	GlobalSection(SolutionProperties) = preSolution
		HideSolutionNode = FALSE
	EndGlobalSection
EndGlobal
