
Microsoft Visual Studio Solution File, Format Version 12.00
# Visual Studio 15
Project("{FAE04EC0-301F-11D3-BF4B-00C04F79EFBC}") = "VuforiaScripts", "VuforiaScripts.csproj", "{CD74B9C5-9398-6402-0DF2-8941251DD46B}"
EndProject
Project("{FAE04EC0-301F-11D3-BF4B-00C04F79EFBC}") = "Assembly-CSharp", "Assembly-CSharp.csproj", "{7DE31F17-227F-852D-D54A-E5AAD5730C39}"
EndProject
Project("{FAE04EC0-301F-11D3-BF4B-00C04F79EFBC}") = "VuforiaEditorScripts", "VuforiaEditorScripts.csproj", "{D1440961-8DB9-1B3F-4049-1C2101D12A83}"
EndProject
Global
	GlobalSection(SolutionConfigurationPlatforms) = preSolution
		Debug|Any CPU = Debug|Any CPU
		Release|Any CPU = Release|Any CPU
	EndGlobalSection
	GlobalSection(ProjectConfigurationPlatforms) = postSolution
		{CD74B9C5-9398-6402-0DF2-8941251DD46B}.Debug|Any CPU.ActiveCfg = Debug|Any CPU
		{CD74B9C5-9398-6402-0DF2-8941251DD46B}.Debug|Any CPU.Build.0 = Debug|Any CPU
		{CD74B9C5-9398-6402-0DF2-8941251DD46B}.Release|Any CPU.ActiveCfg = Release|Any CPU
		{CD74B9C5-9398-6402-0DF2-8941251DD46B}.Release|Any CPU.Build.0 = Release|Any CPU
		{7DE31F17-227F-852D-D54A-E5AAD5730C39}.Debug|Any CPU.ActiveCfg = Debug|Any CPU
		{7DE31F17-227F-852D-D54A-E5AAD5730C39}.Debug|Any CPU.Build.0 = Debug|Any CPU
		{7DE31F17-227F-852D-D54A-E5AAD5730C39}.Release|Any CPU.ActiveCfg = Release|Any CPU
		{7DE31F17-227F-852D-D54A-E5AAD5730C39}.Release|Any CPU.Build.0 = Release|Any CPU
		{D1440961-8DB9-1B3F-4049-1C2101D12A83}.Debug|Any CPU.ActiveCfg = Debug|Any CPU
		{D1440961-8DB9-1B3F-4049-1C2101D12A83}.Debug|Any CPU.Build.0 = Debug|Any CPU
		{D1440961-8DB9-1B3F-4049-1C2101D12A83}.Release|Any CPU.ActiveCfg = Release|Any CPU
		{D1440961-8DB9-1B3F-4049-1C2101D12A83}.Release|Any CPU.Build.0 = Release|Any CPU
	EndGlobalSection
	GlobalSection(SolutionProperties) = preSolution
		HideSolutionNode = FALSE
	EndGlobalSection
EndGlobal
